
Microsoft Visual Studio Solution File, Format Version 12.00
# Visual Studio Version 16
VisualStudioVersion = 16.0.30523.141
MinimumVisualStudioVersion = 10.0.40219.1
Project("{9A19103F-16F7-4668-BE54-9A1E7A4F7556}") = "EFSOL.API", "EFSOL.API\EFSOL.API.csproj", "{17FC07D0-AE11-40E4-8E2C-89D2C59333D3}"
EndProject
Project("{FAE04EC0-301F-11D3-BF4B-00C04F79EFBC}") = "EFSOL.Application", "EFSOL.Application\EFSOL.Application.csproj", "{291FEEFF-534F-4EF2-B961-EFEFD3D0CD25}"
EndProject
Project("{FAE04EC0-301F-11D3-BF4B-00C04F79EFBC}") = "EFSOL.Infrastructure", "EFSOL.Infrastructure\EFSOL.Infrastructure.csproj", "{3DC93282-32E4-4C1E-A18D-32E3D4067750}"
EndProject
Global
	GlobalSection(SolutionConfigurationPlatforms) = preSolution
		Debug|Any CPU = Debug|Any CPU
		Release|Any CPU = Release|Any CPU
	EndGlobalSection
	GlobalSection(ProjectConfigurationPlatforms) = postSolution
		{17FC07D0-AE11-40E4-8E2C-89D2C59333D3}.Debug|Any CPU.ActiveCfg = Debug|Any CPU
		{17FC07D0-AE11-40E4-8E2C-89D2C59333D3}.Debug|Any CPU.Build.0 = Debug|Any CPU
		{17FC07D0-AE11-40E4-8E2C-89D2C59333D3}.Release|Any CPU.ActiveCfg = Release|Any CPU
		{17FC07D0-AE11-40E4-8E2C-89D2C59333D3}.Release|Any CPU.Build.0 = Release|Any CPU
		{291FEEFF-534F-4EF2-B961-EFEFD3D0CD25}.Debug|Any CPU.ActiveCfg = Debug|Any CPU
		{291FEEFF-534F-4EF2-B961-EFEFD3D0CD25}.Debug|Any CPU.Build.0 = Debug|Any CPU
		{291FEEFF-534F-4EF2-B961-EFEFD3D0CD25}.Release|Any CPU.ActiveCfg = Release|Any CPU
		{291FEEFF-534F-4EF2-B961-EFEFD3D0CD25}.Release|Any CPU.Build.0 = Release|Any CPU
		{3DC93282-32E4-4C1E-A18D-32E3D4067750}.Debug|Any CPU.ActiveCfg = Debug|Any CPU
		{3DC93282-32E4-4C1E-A18D-32E3D4067750}.Debug|Any CPU.Build.0 = Debug|Any CPU
		{3DC93282-32E4-4C1E-A18D-32E3D4067750}.Release|Any CPU.ActiveCfg = Release|Any CPU
		{3DC93282-32E4-4C1E-A18D-32E3D4067750}.Release|Any CPU.Build.0 = Release|Any CPU
	EndGlobalSection
	GlobalSection(SolutionProperties) = preSolution
		HideSolutionNode = FALSE
	EndGlobalSection
	GlobalSection(ExtensibilityGlobals) = postSolution
		SolutionGuid = {53C16BC3-14EC-46FC-AC9E-B9BBBFCC3762}
	EndGlobalSection
EndGlobal
